
Microsoft Visual Studio Solution File, Format Version 12.00
# Visual Studio Version 17
VisualStudioVersion = 17.8.34330.188
MinimumVisualStudioVersion = 10.0.40219.1
Project("{FAE04EC0-301F-11D3-BF4B-00C04F79EFBC}") = "ElectroMaster", "ElectroMaster\ElectroMaster.csproj", "{A1CAF7A0-2DE5-4635-9C2E-F5E1E3A7077B}"
EndProject
Global
	GlobalSection(SolutionConfigurationPlatforms) = preSolution
		Debug|Any CPU = Debug|Any CPU
		Release|Any CPU = Release|Any CPU
	EndGlobalSection
	GlobalSection(ProjectConfigurationPlatforms) = postSolution
		{A1CAF7A0-2DE5-4635-9C2E-F5E1E3A7077B}.Debug|Any CPU.ActiveCfg = Debug|Any CPU
		{A1CAF7A0-2DE5-4635-9C2E-F5E1E3A7077B}.Debug|Any CPU.Build.0 = Debug|Any CPU
		{A1CAF7A0-2DE5-4635-9C2E-F5E1E3A7077B}.Release|Any CPU.ActiveCfg = Release|Any CPU
		{A1CAF7A0-2DE5-4635-9C2E-F5E1E3A7077B}.Release|Any CPU.Build.0 = Release|Any CPU
	EndGlobalSection
	GlobalSection(SolutionProperties) = preSolution
		HideSolutionNode = FALSE
	EndGlobalSection
	GlobalSection(ExtensibilityGlobals) = postSolution
		SolutionGuid = {0650E54E-6E9D-40B3-A48D-84E9EE48C857}
	EndGlobalSection
EndGlobal
